{
  "name": "krest",
  "version": "3.2.3",
  "lockfileVersion": 3,
  "requires": true,
  "packages": {
    "": {
      "name": "krest",
      "version": "3.2.3",
      "workspaces": [
        "packages/krest-core",
        "packages/krest-core-test",
        "packages_imported/status-core/3.2.3",
        "packages_imported/cinematic-live-kollections/3.2.3",
        "packages_imported/koncurrent-later-coroutines/3.2.3",
        "packages_imported/koncurrent-later-test/3.2.3",
        "packages_imported/kommander-coroutines/3.2.3"
      ],
      "devDependencies": {}
    },
    "node_modules/cinematic-live-kollections": {
      "resolved": "packages_imported/cinematic-live-kollections/3.2.3",
      "link": true
    },
    "node_modules/kommander-coroutines": {
      "resolved": "packages_imported/kommander-coroutines/3.2.3",
      "link": true
    },
    "node_modules/koncurrent-later-coroutines": {
      "resolved": "packages_imported/koncurrent-later-coroutines/3.2.3",
      "link": true
    },
    "node_modules/koncurrent-later-test": {
      "resolved": "packages_imported/koncurrent-later-test/3.2.3",
      "link": true
    },
    "node_modules/krest-core": {
      "resolved": "packages/krest-core",
      "link": true
    },
    "node_modules/krest-core-test": {
      "resolved": "packages/krest-core-test",
      "link": true
    },
    "node_modules/status-core": {
      "resolved": "packages_imported/status-core/3.2.3",
      "link": true
    },
    "packages_imported/cinematic-live-kollections/3.1.14": {
      "name": "cinematic-live-kollections",
      "version": "3.1.14",
      "extraneous": true,
      "devDependencies": {}
    },
    "packages_imported/cinematic-live-kollections/3.2.1": {
      "version": "3.2.1",
      "extraneous": true,
      "devDependencies": {}
    },
    "packages_imported/cinematic-live-kollections/3.2.3": {
      "name": "cinematic-live-kollections",
      "version": "3.2.3",
      "devDependencies": {}
    },
    "packages_imported/kase-core/3.1.14": {
      "name": "kase-core",
      "version": "3.1.14",
      "extraneous": true,
      "devDependencies": {}
    },
    "packages_imported/keep-api/3.1.14": {
      "name": "keep-api",
      "version": "3.1.14",
      "extraneous": true,
      "devDependencies": {}
    },
    "packages_imported/kommander-coroutines/3.1.14": {
      "name": "kommander-coroutines",
      "version": "3.1.14",
      "extraneous": true,
      "devDependencies": {}
    },
    "packages_imported/kommander-coroutines/3.2.1": {
      "version": "3.2.1",
      "extraneous": true,
      "devDependencies": {}
    },
    "packages_imported/kommander-coroutines/3.2.3": {
      "name": "kommander-coroutines",
      "version": "3.2.3",
      "devDependencies": {}
    },
    "packages_imported/koncurrent-later-core/3.1.14": {
      "version": "3.1.14",
      "extraneous": true,
      "devDependencies": {}
    },
    "packages_imported/koncurrent-later-coroutines/3.1.14": {
      "name": "koncurrent-later-coroutines",
      "version": "3.1.14",
      "extraneous": true,
      "devDependencies": {}
    },
    "packages_imported/koncurrent-later-coroutines/3.2.1": {
      "version": "3.2.1",
      "extraneous": true,
      "devDependencies": {}
    },
    "packages_imported/koncurrent-later-coroutines/3.2.3": {
      "name": "koncurrent-later-coroutines",
      "version": "3.2.3",
      "devDependencies": {}
    },
    "packages_imported/koncurrent-later-test/3.1.14": {
      "name": "koncurrent-later-test",
      "version": "3.1.14",
      "extraneous": true,
      "devDependencies": {}
    },
    "packages_imported/koncurrent-later-test/3.2.1": {
      "version": "3.2.1",
      "extraneous": true,
      "devDependencies": {}
    },
    "packages_imported/koncurrent-later-test/3.2.3": {
      "name": "koncurrent-later-test",
      "version": "3.2.3",
      "devDependencies": {}
    },
    "packages_imported/status-core/3.1.14": {
      "name": "status-core",
      "version": "3.1.14",
      "extraneous": true,
      "devDependencies": {}
    },
    "packages_imported/status-core/3.2.1": {
      "version": "3.2.1",
      "extraneous": true,
      "devDependencies": {}
    },
    "packages_imported/status-core/3.2.3": {
      "name": "status-core",
      "version": "3.2.3",
      "devDependencies": {}
    },
    "packages/krest-core": {
      "version": "3.2.3",
      "devDependencies": {}
    },
    "packages/krest-core-test": {
      "version": "3.2.3",
      "devDependencies": {}
    }
  }
}
